// !$*UTF8*$!
{
	archiveVersion = 1;
	classes = {
	};
	objectVersion = 50;
	objects = {

/* Begin PBXBuildFile section */
		81065E5C23FAF09E00D98EC9 /* AppDelegate.swift in Sources */ = {isa = PBXBuildFile; fileRef = 81065E5B23FAF09E00D98EC9 /* AppDelegate.swift */; };
		81065E5E23FAF09E00D98EC9 /* SceneDelegate.swift in Sources */ = {isa = PBXBuildFile; fileRef = 81065E5D23FAF09E00D98EC9 /* SceneDelegate.swift */; };
		81065E6023FAF09E00D98EC9 /* ViewController.swift in Sources */ = {isa = PBXBuildFile; fileRef = 81065E5F23FAF09E00D98EC9 /* ViewController.swift */; };
		81065E6323FAF09E00D98EC9 /* Main.storyboard in Resources */ = {isa = PBXBuildFile; fileRef = 81065E6123FAF09E00D98EC9 /* Main.storyboard */; };
		81065E6523FAF09F00D98EC9 /* Assets.xcassets in Resources */ = {isa = PBXBuildFile; fileRef = 81065E6423FAF09F00D98EC9 /* Assets.xcassets */; };
		81065E6823FAF09F00D98EC9 /* LaunchScreen.storyboard in Resources */ = {isa = PBXBuildFile; fileRef = 81065E6623FAF09F00D98EC9 /* LaunchScreen.storyboard */; };
		816C1A5823FFEB5200E8429F /* ViewController4.xib in Resources */ = {isa = PBXBuildFile; fileRef = 816C1A5723FFEB5200E8429F /* ViewController4.xib */; };
		81738DC523FFE9A0006CF7F4 /* ViewController2.swift in Sources */ = {isa = PBXBuildFile; fileRef = 81738DC423FFE9A0006CF7F4 /* ViewController2.swift */; };
		81738DC723FFE9C2006CF7F4 /* ViewController4.swift in Sources */ = {isa = PBXBuildFile; fileRef = 81738DC623FFE9C2006CF7F4 /* ViewController4.swift */; };
		81738DC923FFE9E8006CF7F4 /* ViewController3.swift in Sources */ = {isa = PBXBuildFile; fileRef = 81738DC823FFE9E8006CF7F4 /* ViewController3.swift */; };
		81738DCB23FFEA1B006CF7F4 /* ViewController5.swift in Sources */ = {isa = PBXBuildFile; fileRef = 81738DCA23FFEA1B006CF7F4 /* ViewController5.swift */; };
/* End PBXBuildFile section */

/* Begin PBXFileReference section */
		81065E5823FAF09E00D98EC9 /* Course2Week4Task4.app */ = {isa = PBXFileReference; explicitFileType = wrapper.application; includeInIndex = 0; path = Course2Week4Task4.app; sourceTree = BUILT_PRODUCTS_DIR; };
		81065E5B23FAF09E00D98EC9 /* AppDelegate.swift */ = {isa = PBXFileReference; lastKnownFileType = sourcecode.swift; path = AppDelegate.swift; sourceTree = "<group>"; };
		81065E5D23FAF09E00D98EC9 /* SceneDelegate.swift */ = {isa = PBXFileReference; lastKnownFileType = sourcecode.swift; path = SceneDelegate.swift; sourceTree = "<group>"; };
		81065E5F23FAF09E00D98EC9 /* ViewController.swift */ = {isa = PBXFileReference; lastKnownFileType = sourcecode.swift; path = ViewController.swift; sourceTree = "<group>"; };
		81065E6223FAF09E00D98EC9 /* Base */ = {isa = PBXFileReference; lastKnownFileType = file.storyboard; name = Base; path = Base.lproj/Main.storyboard; sourceTree = "<group>"; };
		81065E6423FAF09F00D98EC9 /* Assets.xcassets */ = {isa = PBXFileReference; lastKnownFileType = folder.assetcatalog; path = Assets.xcassets; sourceTree = "<group>"; };
		81065E6723FAF09F00D98EC9 /* Base */ = {isa = PBXFileReference; lastKnownFileType = file.storyboard; name = Base; path = Base.lproj/LaunchScreen.storyboard; sourceTree = "<group>"; };
		81065E6923FAF09F00D98EC9 /* Info.plist */ = {isa = PBXFileReference; lastKnownFileType = text.plist.xml; path = Info.plist; sourceTree = "<group>"; };
		816C1A5723FFEB5200E8429F /* ViewController4.xib */ = {isa = PBXFileReference; fileEncoding = 4; lastKnownFileType = file.xib; path = ViewController4.xib; sourceTree = "<group>"; };
		81738DC423FFE9A0006CF7F4 /* ViewController2.swift */ = {isa = PBXFileReference; lastKnownFileType = sourcecode.swift; path = ViewController2.swift; sourceTree = "<group>"; };
		81738DC623FFE9C2006CF7F4 /* ViewController4.swift */ = {isa = PBXFileReference; lastKnownFileType = sourcecode.swift; path = ViewController4.swift; sourceTree = "<group>"; };
		81738DC823FFE9E8006CF7F4 /* ViewController3.swift */ = {isa = PBXFileReference; lastKnownFileType = sourcecode.swift; path = ViewController3.swift; sourceTree = "<group>"; };
		81738DCA23FFEA1B006CF7F4 /* ViewController5.swift */ = {isa = PBXFileReference; lastKnownFileType = sourcecode.swift; path = ViewController5.swift; sourceTree = "<group>"; };
/* End PBXFileReference section */

/* Begin PBXFrameworksBuildPhase section */
		81065E5523FAF09E00D98EC9 /* Frameworks */ = {
			isa = PBXFrameworksBuildPhase;
			buildActionMask = 2147483647;
			files = (
			);
			runOnlyForDeploymentPostprocessing = 0;
		};
/* End PBXFrameworksBuildPhase section */

/* Begin PBXGroup section */
		81065E4F23FAF09E00D98EC9 = {
			isa = PBXGroup;
			children = (
				81065E5A23FAF09E00D98EC9 /* Course2Week4Task4 */,
				81065E5923FAF09E00D98EC9 /* Products */,
			);
			sourceTree = "<group>";
		};
		81065E5923FAF09E00D98EC9 /* Products */ = {
			isa = PBXGroup;
			children = (
				81065E5823FAF09E00D98EC9 /* Course2Week4Task4.app */,
			);
			name = Products;
			sourceTree = "<group>";
		};
		81065E5A23FAF09E00D98EC9 /* Course2Week4Task4 */ = {
			isa = PBXGroup;
			children = (
				81065E5B23FAF09E00D98EC9 /* AppDelegate.swift */,
				81065E5D23FAF09E00D98EC9 /* SceneDelegate.swift */,
				81065E5F23FAF09E00D98EC9 /* ViewController.swift */,
				81738DC423FFE9A0006CF7F4 /* ViewController2.swift */,
				81738DC823FFE9E8006CF7F4 /* ViewController3.swift */,
				81738DC623FFE9C2006CF7F4 /* ViewController4.swift */,
				81738DCA23FFEA1B006CF7F4 /* ViewController5.swift */,
				816C1A5723FFEB5200E8429F /* ViewController4.xib */,
				81065E6123FAF09E00D98EC9 /* Main.storyboard */,
				81065E6423FAF09F00D98EC9 /* Assets.xcassets */,
				81065E6623FAF09F00D98EC9 /* LaunchScreen.storyboard */,
				81065E6923FAF09F00D98EC9 /* Info.plist */,
			);
			path = Course2Week4Task4;
			sourceTree = "<group>";
		};
/* End PBXGroup section */

/* Begin PBXNativeTarget section */
		81065E5723FAF09E00D98EC9 /* Course2Week4Task4 */ = {
			isa = PBXNativeTarget;
			buildConfigurationList = 81065E6C23FAF09F00D98EC9 /* Build configuration list for PBXNativeTarget "Course2Week4Task4" */;
			buildPhases = (
				81065E5423FAF09E00D98EC9 /* Sources */,
				81065E5523FAF09E00D98EC9 /* Frameworks */,
				81065E5623FAF09E00D98EC9 /* Resources */,
			);
			buildRules = (
			);
			dependencies = (
			);
			name = Course2Week4Task4;
			productName = Course2Week4Task4;
			productReference = 81065E5823FAF09E00D98EC9 /* Course2Week4Task4.app */;
			productType = "com.apple.product-type.application";
		};
/* End PBXNativeTarget section */

/* Begin PBXProject section */
		81065E5023FAF09E00D98EC9 /* Project object */ = {
			isa = PBXProject;
			attributes = {
				LastSwiftUpdateCheck = 1130;
				LastUpgradeCheck = 1130;
				ORGANIZATIONNAME = "Konstantins Belcickis";
				TargetAttributes = {
					81065E5723FAF09E00D98EC9 = {
						CreatedOnToolsVersion = 11.3.1;
					};
				};
			};
			buildConfigurationList = 81065E5323FAF09E00D98EC9 /* Build configuration list for PBXProject "Course2Week4Task4" */;
			compatibilityVersion = "Xcode 9.3";
			developmentRegion = en;
			hasScannedForEncodings = 0;
			knownRegions = (
				en,
				Base,
			);
			mainGroup = 81065E4F23FAF09E00D98EC9;
			productRefGroup = 81065E5923FAF09E00D98EC9 /* Products */;
			projectDirPath = "";
			projectRoot = "";
			targets = (
				81065E5723FAF09E00D98EC9 /* Course2Week4Task4 */,
			);
		};
/* End PBXProject section */

/* Begin PBXResourcesBuildPhase section */
		81065E5623FAF09E00D98EC9 /* Resources */ = {
			isa = PBXResourcesBuildPhase;
			buildActionMask = 2147483647;
			files = (
				81065E6823FAF09F00D98EC9 /* LaunchScreen.storyboard in Resources */,
				81065E6523FAF09F00D98EC9 /* Assets.xcassets in Resources */,
				81065E6323FAF09E00D98EC9 /* Main.storyboard in Resources */,
				816C1A5823FFEB5200E8429F /* ViewController4.xib in Resources */,
			);
			runOnlyForDeploymentPostprocessing = 0;
		};
/* End PBXResourcesBuildPhase section */

/* Begin PBXSourcesBuildPhase section */
		81065E5423FAF09E00D98EC9 /* Sources */ = {
			isa = PBXSourcesBuildPhase;
			buildActionMask = 2147483647;
			files = (
				81738DC723FFE9C2006CF7F4 /* ViewController4.swift in Sources */,
				81065E6023FAF09E00D98EC9 /* ViewController.swift in Sources */,
				81738DC923FFE9E8006CF7F4 /* ViewController3.swift in Sources */,
				81738DC523FFE9A0006CF7F4 /* ViewController2.swift in Sources */,
				81065E5C23FAF09E00D98EC9 /* AppDelegate.swift in Sources */,
				81065E5E23FAF09E00D98EC9 /* SceneDelegate.swift in Sources */,
				81738DCB23FFEA1B006CF7F4 /* ViewController5.swift in Sources */,
			);
			runOnlyForDeploymentPostprocessing = 0;
		};
/* End PBXSourcesBuildPhase section */

/* Begin PBXVariantGroup section */
		81065E6123FAF09E00D98EC9 /* Main.storyboard */ = {
			isa = PBXVariantGroup;
			children = (
				81065E6223FAF09E00D98EC9 /* Base */,
			);
			name = Main.storyboard;
			sourceTree = "<group>";
		};
		81065E6623FAF09F00D98EC9 /* LaunchScreen.storyboard */ = {
			isa = PBXVariantGroup;
			children = (
				81065E6723FAF09F00D98EC9 /* Base */,
			);
			name = LaunchScreen.storyboard;
			sourceTree = "<group>";
		};
/* End PBXVariantGroup section */

/* Begin XCBuildConfiguration section */
		81065E6A23FAF09F00D98EC9 /* Debug */ = {
			isa = XCBuildConfiguration;
			buildSettings = {
				ALWAYS_SEARCH_USER_PATHS = NO;
				CLANG_ANALYZER_NONNULL = YES;
				CLANG_ANALYZER_NUMBER_OBJECT_CONVERSION = YES_AGGRESSIVE;
				CLANG_CXX_LANGUAGE_STANDARD = "gnu++14";
				CLANG_CXX_LIBRARY = "libc++";
				CLANG_ENABLE_MODULES = YES;
				CLANG_ENABLE_OBJC_ARC = YES;
				CLANG_ENABLE_OBJC_WEAK = YES;
				CLANG_WARN_BLOCK_CAPTURE_AUTORELEASING = YES;
				CLANG_WARN_BOOL_CONVERSION = YES;
				CLANG_WARN_COMMA = YES;
				CLANG_WARN_CONSTANT_CONVERSION = YES;
				CLANG_WARN_DEPRECATED_OBJC_IMPLEMENTATIONS = YES;
				CLANG_WARN_DIRECT_OBJC_ISA_USAGE = YES_ERROR;
				CLANG_WARN_DOCUMENTATION_COMMENTS = YES;
				CLANG_WARN_EMPTY_BODY = YES;
				CLANG_WARN_ENUM_CONVERSION = YES;
				CLANG_WARN_INFINITE_RECURSION = YES;
				CLANG_WARN_INT_CONVERSION = YES;
				CLANG_WARN_NON_LITERAL_NULL_CONVERSION = YES;
				CLANG_WARN_OBJC_IMPLICIT_RETAIN_SELF = YES;
				CLANG_WARN_OBJC_LITERAL_CONVERSION = YES;
				CLANG_WARN_OBJC_ROOT_CLASS = YES_ERROR;
				CLANG_WARN_RANGE_LOOP_ANALYSIS = YES;
				CLANG_WARN_STRICT_PROTOTYPES = YES;
				CLANG_WARN_SUSPICIOUS_MOVE = YES;
				CLANG_WARN_UNGUARDED_AVAILABILITY = YES_AGGRESSIVE;
				CLANG_WARN_UNREACHABLE_CODE = YES;
				CLANG_WARN__DUPLICATE_METHOD_MATCH = YES;
				COPY_PHASE_STRIP = NO;
				DEBUG_INFORMATION_FORMAT = dwarf;
				ENABLE_STRICT_OBJC_MSGSEND = YES;
				ENABLE_TESTABILITY = YES;
				GCC_C_LANGUAGE_STANDARD = gnu11;
				GCC_DYNAMIC_NO_PIC = NO;
				GCC_NO_COMMON_BLOCKS = YES;
				GCC_OPTIMIZATION_LEVEL = 0;
				GCC_PREPROCESSOR_DEFINITIONS = (
					"DEBUG=1",
					"$(inherited)",
				);
				GCC_WARN_64_TO_32_BIT_CONVERSION = YES;
				GCC_WARN_ABOUT_RETURN_TYPE = YES_ERROR;
				GCC_WARN_UNDECLARED_SELECTOR = YES;
				GCC_WARN_UNINITIALIZED_AUTOS = YES_AGGRESSIVE;
				GCC_WARN_UNUSED_FUNCTION = YES;
				GCC_WARN_UNUSED_VARIABLE = YES;
				IPHONEOS_DEPLOYMENT_TARGET = 13.2;
				MTL_ENABLE_DEBUG_INFO = INCLUDE_SOURCE;
				MTL_FAST_MATH = YES;
				ONLY_ACTIVE_ARCH = YES;
				SDKROOT = iphoneos;
				SWIFT_ACTIVE_COMPILATION_CONDITIONS = DEBUG;
				SWIFT_OPTIMIZATION_LEVEL = "-Onone";
			};
			name = Debug;
		};
		81065E6B23FAF09F00D98EC9 /* Release */ = {
			isa = XCBuildConfiguration;
			buildSettings = {
				ALWAYS_SEARCH_USER_PATHS = NO;
				CLANG_ANALYZER_NONNULL = YES;
				CLANG_ANALYZER_NUMBER_OBJECT_CONVERSION = YES_AGGRESSIVE;
				CLANG_CXX_LANGUAGE_STANDARD = "gnu++14";
				CLANG_CXX_LIBRARY = "libc++";
				CLANG_ENABLE_MODULES = YES;
				CLANG_ENABLE_OBJC_ARC = YES;
				CLANG_ENABLE_OBJC_WEAK = YES;
				CLANG_WARN_BLOCK_CAPTURE_AUTORELEASING = YES;
				CLANG_WARN_BOOL_CONVERSION = YES;
				CLANG_WARN_COMMA = YES;
				CLANG_WARN_CONSTANT_CONVERSION = YES;
				CLANG_WARN_DEPRECATED_OBJC_IMPLEMENTATIONS = YES;
				CLANG_WARN_DIRECT_OBJC_ISA_USAGE = YES_ERROR;
				CLANG_WARN_DOCUMENTATION_COMMENTS = YES;
				CLANG_WARN_EMPTY_BODY = YES;
				CLANG_WARN_ENUM_CONVERSION = YES;
				CLANG_WARN_INFINITE_RECURSION = YES;
				CLANG_WARN_INT_CONVERSION = YES;
				CLANG_WARN_NON_LITERAL_NULL_CONVERSION = YES;
				CLANG_WARN_OBJC_IMPLICIT_RETAIN_SELF = YES;
				CLANG_WARN_OBJC_LITERAL_CONVERSION = YES;
				CLANG_WARN_OBJC_ROOT_CLASS = YES_ERROR;
				CLANG_WARN_RANGE_LOOP_ANALYSIS = YES;
				CLANG_WARN_STRICT_PROTOTYPES = YES;
				CLANG_WARN_SUSPICIOUS_MOVE = YES;
				CLANG_WARN_UNGUARDED_AVAILABILITY = YES_AGGRESSIVE;
				CLANG_WARN_UNREACHABLE_CODE = YES;
				CLANG_WARN__DUPLICATE_METHOD_MATCH = YES;
				COPY_PHASE_STRIP = NO;
				DEBUG_INFORMATION_FORMAT = "dwarf-with-dsym";
				ENABLE_NS_ASSERTIONS = NO;
				ENABLE_STRICT_OBJC_MSGSEND = YES;
				GCC_C_LANGUAGE_STANDARD = gnu11;
				GCC_NO_COMMON_BLOCKS = YES;
				GCC_WARN_64_TO_32_BIT_CONVERSION = YES;
				GCC_WARN_ABOUT_RETURN_TYPE = YES_ERROR;
				GCC_WARN_UNDECLARED_SELECTOR = YES;
				GCC_WARN_UNINITIALIZED_AUTOS = YES_AGGRESSIVE;
				GCC_WARN_UNUSED_FUNCTION = YES;
				GCC_WARN_UNUSED_VARIABLE = YES;
				IPHONEOS_DEPLOYMENT_TARGET = 13.2;
				MTL_ENABLE_DEBUG_INFO = NO;
				MTL_FAST_MATH = YES;
				SDKROOT = iphoneos;
				SWIFT_COMPILATION_MODE = wholemodule;
				SWIFT_OPTIMIZATION_LEVEL = "-O";
				VALIDATE_PRODUCT = YES;
			};
			name = Release;
		};
		81065E6D23FAF09F00D98EC9 /* Debug */ = {
			isa = XCBuildConfiguration;
			buildSettings = {
				ASSETCATALOG_COMPILER_APPICON_NAME = AppIcon;
				CODE_SIGN_STYLE = Automatic;
				DEVELOPMENT_TEAM = T4XNNPAKMJ;
				INFOPLIST_FILE = Course2Week4Task4/Info.plist;
				LD_RUNPATH_SEARCH_PATHS = (
					"$(inherited)",
					"@executable_path/Frameworks",
				);
				PRODUCT_BUNDLE_IDENTIFIER = lv.ineeds.Course2Week4Task4;
				PRODUCT_NAME = "$(TARGET_NAME)";
				SWIFT_VERSION = 5.0;
				TARGETED_DEVICE_FAMILY = 1;
			};
			name = Debug;
		};
		81065E6E23FAF09F00D98EC9 /* Release */ = {
			isa = XCBuildConfiguration;
			buildSettings = {
				ASSETCATALOG_COMPILER_APPICON_NAME = AppIcon;
				CODE_SIGN_STYLE = Automatic;
				DEVELOPMENT_TEAM = T4XNNPAKMJ;
				INFOPLIST_FILE = Course2Week4Task4/Info.plist;
				LD_RUNPATH_SEARCH_PATHS = (
					"$(inherited)",
					"@executable_path/Frameworks",
				);
				PRODUCT_BUNDLE_IDENTIFIER = lv.ineeds.Course2Week4Task4;
				PRODUCT_NAME = "$(TARGET_NAME)";
				SWIFT_VERSION = 5.0;
				TARGETED_DEVICE_FAMILY = 1;
			};
			name = Release;
		};
/* End XCBuildConfiguration section */

/* Begin XCConfigurationList section */
		81065E5323FAF09E00D98EC9 /* Build configuration list for PBXProject "Course2Week4Task4" */ = {
			isa = XCConfigurationList;
			buildConfigurations = (
				81065E6A23FAF09F00D98EC9 /* Debug */,
				81065E6B23FAF09F00D98EC9 /* Release */,
			);
			defaultConfigurationIsVisible = 0;
			defaultConfigurationName = Release;
		};
		81065E6C23FAF09F00D98EC9 /* Build configuration list for PBXNativeTarget "Course2Week4Task4" */ = {
			isa = XCConfigurationList;
			buildConfigurations = (
				81065E6D23FAF09F00D98EC9 /* Debug */,
				81065E6E23FAF09F00D98EC9 /* Release */,
			);
			defaultConfigurationIsVisible = 0;
			defaultConfigurationName = Release;
		};
/* End XCConfigurationList section */
	};
	rootObject = 81065E5023FAF09E00D98EC9 /* Project object */;
}
